
Microsoft Visual Studio Solution File, Format Version 12.00
# Visual Studio Version 17
VisualStudioVersion = 17.12.35527.113 d17.12
MinimumVisualStudioVersion = 10.0.40219.1
Project("{FAE04EC0-301F-11D3-BF4B-00C04F79EFBC}") = "Demo_DaHinh_KeThua", "Demo_DaHinh_KeThua.csproj", "{5F6A8325-9E81-4896-9EC0-78A4D3DB6C99}"
EndProject
Project("{FAE04EC0-301F-11D3-BF4B-00C04F79EFBC}") = "KeThua_DaHinh", "..\KeThua_DaHinh\KeThua_DaHinh.csproj", "{BD01E724-7D0D-40D4-ACD7-2F3961C4B103}"
EndProject
Global
	GlobalSection(SolutionConfigurationPlatforms) = preSolution
		Debug|Any CPU = Debug|Any CPU
		Release|Any CPU = Release|Any CPU
	EndGlobalSection
	GlobalSection(ProjectConfigurationPlatforms) = postSolution
		{5F6A8325-9E81-4896-9EC0-78A4D3DB6C99}.Debug|Any CPU.ActiveCfg = Debug|Any CPU
		{5F6A8325-9E81-4896-9EC0-78A4D3DB6C99}.Debug|Any CPU.Build.0 = Debug|Any CPU
		{5F6A8325-9E81-4896-9EC0-78A4D3DB6C99}.Release|Any CPU.ActiveCfg = Release|Any CPU
		{5F6A8325-9E81-4896-9EC0-78A4D3DB6C99}.Release|Any CPU.Build.0 = Release|Any CPU
		{BD01E724-7D0D-40D4-ACD7-2F3961C4B103}.Debug|Any CPU.ActiveCfg = Debug|Any CPU
		{BD01E724-7D0D-40D4-ACD7-2F3961C4B103}.Debug|Any CPU.Build.0 = Debug|Any CPU
		{BD01E724-7D0D-40D4-ACD7-2F3961C4B103}.Release|Any CPU.ActiveCfg = Release|Any CPU
		{BD01E724-7D0D-40D4-ACD7-2F3961C4B103}.Release|Any CPU.Build.0 = Release|Any CPU
	EndGlobalSection
	GlobalSection(SolutionProperties) = preSolution
		HideSolutionNode = FALSE
	EndGlobalSection
EndGlobal
