
Microsoft Visual Studio Solution File, Format Version 12.00
# Visual Studio Version 17
VisualStudioVersion = 17.12.35527.113 d17.12
MinimumVisualStudioVersion = 10.0.40219.1
Project("{FAE04EC0-301F-11D3-BF4B-00C04F79EFBC}") = "baitap2", "baitap2.csproj", "{A22AB223-DA3D-4796-BD2B-57E4F26BA52E}"
EndProject
Global
	GlobalSection(SolutionConfigurationPlatforms) = preSolution
		Debug|Any CPU = Debug|Any CPU
		Release|Any CPU = Release|Any CPU
	EndGlobalSection
	GlobalSection(ProjectConfigurationPlatforms) = postSolution
		{A22AB223-DA3D-4796-BD2B-57E4F26BA52E}.Debug|Any CPU.ActiveCfg = Debug|Any CPU
		{A22AB223-DA3D-4796-BD2B-57E4F26BA52E}.Debug|Any CPU.Build.0 = Debug|Any CPU
		{A22AB223-DA3D-4796-BD2B-57E4F26BA52E}.Release|Any CPU.ActiveCfg = Release|Any CPU
		{A22AB223-DA3D-4796-BD2B-57E4F26BA52E}.Release|Any CPU.Build.0 = Release|Any CPU
	EndGlobalSection
	GlobalSection(SolutionProperties) = preSolution
		HideSolutionNode = FALSE
	EndGlobalSection
EndGlobal
