
Microsoft Visual Studio Solution File, Format Version 12.00
# Visual Studio Version 17
VisualStudioVersion = 17.12.35527.113
MinimumVisualStudioVersion = 10.0.40219.1
Project("{FAE04EC0-301F-11D3-BF4B-00C04F79EFBC}") = "Test_ConnecttoDatabase", "Test_ConnecttoDatabase\Test_ConnecttoDatabase.csproj", "{915F909D-B4E2-481D-BEEA-5E88DBB87EED}"
EndProject
Project("{FAE04EC0-301F-11D3-BF4B-00C04F79EFBC}") = "StudentCounter", "StudentCounter\StudentCounter.csproj", "{3BC03F87-6989-4A64-B3FF-FDB13AD0DD7F}"
EndProject
Project("{FAE04EC0-301F-11D3-BF4B-00C04F79EFBC}") = "ViewListOfStudents", "ViewListOfStudents\ViewListOfStudents.csproj", "{A5B90145-1317-4489-AC19-635DC8E946D9}"
EndProject
Project("{FAE04EC0-301F-11D3-BF4B-00C04F79EFBC}") = "ListOfStudents", "ListOfStudents\ListOfStudents.csproj", "{7484AB59-FAEE-4D6F-A7CB-6919FD9E14D0}"
EndProject
Project("{FAE04EC0-301F-11D3-BF4B-00C04F79EFBC}") = "Student_Infomation", "Student_Infomation\Student_Infomation.csproj", "{75CBD85A-A29C-4013-A3A0-070E8291C96B}"
EndProject
Global
	GlobalSection(SolutionConfigurationPlatforms) = preSolution
		Debug|Any CPU = Debug|Any CPU
		Release|Any CPU = Release|Any CPU
	EndGlobalSection
	GlobalSection(ProjectConfigurationPlatforms) = postSolution
		{915F909D-B4E2-481D-BEEA-5E88DBB87EED}.Debug|Any CPU.ActiveCfg = Debug|Any CPU
		{915F909D-B4E2-481D-BEEA-5E88DBB87EED}.Debug|Any CPU.Build.0 = Debug|Any CPU
		{915F909D-B4E2-481D-BEEA-5E88DBB87EED}.Release|Any CPU.ActiveCfg = Release|Any CPU
		{915F909D-B4E2-481D-BEEA-5E88DBB87EED}.Release|Any CPU.Build.0 = Release|Any CPU
		{3BC03F87-6989-4A64-B3FF-FDB13AD0DD7F}.Debug|Any CPU.ActiveCfg = Debug|Any CPU
		{3BC03F87-6989-4A64-B3FF-FDB13AD0DD7F}.Debug|Any CPU.Build.0 = Debug|Any CPU
		{3BC03F87-6989-4A64-B3FF-FDB13AD0DD7F}.Release|Any CPU.ActiveCfg = Release|Any CPU
		{3BC03F87-6989-4A64-B3FF-FDB13AD0DD7F}.Release|Any CPU.Build.0 = Release|Any CPU
		{A5B90145-1317-4489-AC19-635DC8E946D9}.Debug|Any CPU.ActiveCfg = Debug|Any CPU
		{A5B90145-1317-4489-AC19-635DC8E946D9}.Debug|Any CPU.Build.0 = Debug|Any CPU
		{A5B90145-1317-4489-AC19-635DC8E946D9}.Release|Any CPU.ActiveCfg = Release|Any CPU
		{A5B90145-1317-4489-AC19-635DC8E946D9}.Release|Any CPU.Build.0 = Release|Any CPU
		{7484AB59-FAEE-4D6F-A7CB-6919FD9E14D0}.Debug|Any CPU.ActiveCfg = Debug|Any CPU
		{7484AB59-FAEE-4D6F-A7CB-6919FD9E14D0}.Debug|Any CPU.Build.0 = Debug|Any CPU
		{7484AB59-FAEE-4D6F-A7CB-6919FD9E14D0}.Release|Any CPU.ActiveCfg = Release|Any CPU
		{7484AB59-FAEE-4D6F-A7CB-6919FD9E14D0}.Release|Any CPU.Build.0 = Release|Any CPU
		{75CBD85A-A29C-4013-A3A0-070E8291C96B}.Debug|Any CPU.ActiveCfg = Debug|Any CPU
		{75CBD85A-A29C-4013-A3A0-070E8291C96B}.Debug|Any CPU.Build.0 = Debug|Any CPU
		{75CBD85A-A29C-4013-A3A0-070E8291C96B}.Release|Any CPU.ActiveCfg = Release|Any CPU
		{75CBD85A-A29C-4013-A3A0-070E8291C96B}.Release|Any CPU.Build.0 = Release|Any CPU
	EndGlobalSection
	GlobalSection(SolutionProperties) = preSolution
		HideSolutionNode = FALSE
	EndGlobalSection
EndGlobal
