
Microsoft Visual Studio Solution File, Format Version 12.00
# Visual Studio Version 17
VisualStudioVersion = 17.12.35527.113 d17.12
MinimumVisualStudioVersion = 10.0.40219.1
Project("{FAE04EC0-301F-11D3-BF4B-00C04F79EFBC}") = "SumOfTwoNumbers", "SumOfTwoNumbers.csproj", "{FCE35769-3094-45EA-A435-15DB9CE3EDEE}"
EndProject
Global
	GlobalSection(SolutionConfigurationPlatforms) = preSolution
		Debug|Any CPU = Debug|Any CPU
		Release|Any CPU = Release|Any CPU
	EndGlobalSection
	GlobalSection(ProjectConfigurationPlatforms) = postSolution
		{FCE35769-3094-45EA-A435-15DB9CE3EDEE}.Debug|Any CPU.ActiveCfg = Debug|Any CPU
		{FCE35769-3094-45EA-A435-15DB9CE3EDEE}.Debug|Any CPU.Build.0 = Debug|Any CPU
		{FCE35769-3094-45EA-A435-15DB9CE3EDEE}.Release|Any CPU.ActiveCfg = Release|Any CPU
		{FCE35769-3094-45EA-A435-15DB9CE3EDEE}.Release|Any CPU.Build.0 = Release|Any CPU
	EndGlobalSection
	GlobalSection(SolutionProperties) = preSolution
		HideSolutionNode = FALSE
	EndGlobalSection
EndGlobal
