
Microsoft Visual Studio Solution File, Format Version 12.00
# Visual Studio Version 17
VisualStudioVersion = 17.12.35527.113 d17.12
MinimumVisualStudioVersion = 10.0.40219.1
Project("{FAE04EC0-301F-11D3-BF4B-00C04F79EFBC}") = "Demo_Delegate", "Demo_Delegate.csproj", "{15FC8A5B-0F14-4451-98C4-6849486699FB}"
EndProject
Global
	GlobalSection(SolutionConfigurationPlatforms) = preSolution
		Debug|Any CPU = Debug|Any CPU
		Release|Any CPU = Release|Any CPU
	EndGlobalSection
	GlobalSection(ProjectConfigurationPlatforms) = postSolution
		{15FC8A5B-0F14-4451-98C4-6849486699FB}.Debug|Any CPU.ActiveCfg = Debug|Any CPU
		{15FC8A5B-0F14-4451-98C4-6849486699FB}.Debug|Any CPU.Build.0 = Debug|Any CPU
		{15FC8A5B-0F14-4451-98C4-6849486699FB}.Release|Any CPU.ActiveCfg = Release|Any CPU
		{15FC8A5B-0F14-4451-98C4-6849486699FB}.Release|Any CPU.Build.0 = Release|Any CPU
	EndGlobalSection
	GlobalSection(SolutionProperties) = preSolution
		HideSolutionNode = FALSE
	EndGlobalSection
EndGlobal
