
Microsoft Visual Studio Solution File, Format Version 12.00
# Visual Studio Version 17
VisualStudioVersion = 17.12.35527.113 d17.12
MinimumVisualStudioVersion = 10.0.40219.1
Project("{FAE04EC0-301F-11D3-BF4B-00C04F79EFBC}") = "CRUDStudentWF", "CRUDStudentWF\CRUDStudentWF.csproj", "{0B0B7C96-50C3-479E-ACA7-E3F46F10FC91}"
EndProject
Project("{FAE04EC0-301F-11D3-BF4B-00C04F79EFBC}") = "CRUDStudentClass", "CRUDStudentClass\CRUDStudentClass.csproj", "{370F7B94-A35D-4E24-BC3D-556C7E91687B}"
EndProject
Global
	GlobalSection(SolutionConfigurationPlatforms) = preSolution
		Debug|Any CPU = Debug|Any CPU
		Release|Any CPU = Release|Any CPU
	EndGlobalSection
	GlobalSection(ProjectConfigurationPlatforms) = postSolution
		{0B0B7C96-50C3-479E-ACA7-E3F46F10FC91}.Debug|Any CPU.ActiveCfg = Debug|Any CPU
		{0B0B7C96-50C3-479E-ACA7-E3F46F10FC91}.Debug|Any CPU.Build.0 = Debug|Any CPU
		{0B0B7C96-50C3-479E-ACA7-E3F46F10FC91}.Release|Any CPU.ActiveCfg = Release|Any CPU
		{0B0B7C96-50C3-479E-ACA7-E3F46F10FC91}.Release|Any CPU.Build.0 = Release|Any CPU
		{370F7B94-A35D-4E24-BC3D-556C7E91687B}.Debug|Any CPU.ActiveCfg = Debug|Any CPU
		{370F7B94-A35D-4E24-BC3D-556C7E91687B}.Debug|Any CPU.Build.0 = Debug|Any CPU
		{370F7B94-A35D-4E24-BC3D-556C7E91687B}.Release|Any CPU.ActiveCfg = Release|Any CPU
		{370F7B94-A35D-4E24-BC3D-556C7E91687B}.Release|Any CPU.Build.0 = Release|Any CPU
	EndGlobalSection
	GlobalSection(SolutionProperties) = preSolution
		HideSolutionNode = FALSE
	EndGlobalSection
EndGlobal
