
Microsoft Visual Studio Solution File, Format Version 12.00
# Visual Studio Version 17
VisualStudioVersion = 17.12.35527.113 d17.12
MinimumVisualStudioVersion = 10.0.40219.1
Project("{FAE04EC0-301F-11D3-BF4B-00C04F79EFBC}") = "ex2", "ex2.csproj", "{5F73014A-6BBF-4946-BD98-E2A111A7DD97}"
EndProject
Global
	GlobalSection(SolutionConfigurationPlatforms) = preSolution
		Debug|Any CPU = Debug|Any CPU
		Release|Any CPU = Release|Any CPU
	EndGlobalSection
	GlobalSection(ProjectConfigurationPlatforms) = postSolution
		{5F73014A-6BBF-4946-BD98-E2A111A7DD97}.Debug|Any CPU.ActiveCfg = Debug|Any CPU
		{5F73014A-6BBF-4946-BD98-E2A111A7DD97}.Debug|Any CPU.Build.0 = Debug|Any CPU
		{5F73014A-6BBF-4946-BD98-E2A111A7DD97}.Release|Any CPU.ActiveCfg = Release|Any CPU
		{5F73014A-6BBF-4946-BD98-E2A111A7DD97}.Release|Any CPU.Build.0 = Release|Any CPU
	EndGlobalSection
	GlobalSection(SolutionProperties) = preSolution
		HideSolutionNode = FALSE
	EndGlobalSection
EndGlobal
