
Microsoft Visual Studio Solution File, Format Version 12.00
# Visual Studio Version 17
VisualStudioVersion = 17.13.35919.96 d17.13
MinimumVisualStudioVersion = 10.0.40219.1
Project("{FAE04EC0-301F-11D3-BF4B-00C04F79EFBC}") = "Demo Entity", "Demo Entity\Demo Entity.csproj", "{4973C479-9ECB-4E28-8FE6-748C1155BA44}"
EndProject
Global
	GlobalSection(SolutionConfigurationPlatforms) = preSolution
		Debug|Any CPU = Debug|Any CPU
		Release|Any CPU = Release|Any CPU
	EndGlobalSection
	GlobalSection(ProjectConfigurationPlatforms) = postSolution
		{4973C479-9ECB-4E28-8FE6-748C1155BA44}.Debug|Any CPU.ActiveCfg = Debug|Any CPU
		{4973C479-9ECB-4E28-8FE6-748C1155BA44}.Debug|Any CPU.Build.0 = Debug|Any CPU
		{4973C479-9ECB-4E28-8FE6-748C1155BA44}.Release|Any CPU.ActiveCfg = Release|Any CPU
		{4973C479-9ECB-4E28-8FE6-748C1155BA44}.Release|Any CPU.Build.0 = Release|Any CPU
	EndGlobalSection
	GlobalSection(SolutionProperties) = preSolution
		HideSolutionNode = FALSE
	EndGlobalSection
	GlobalSection(ExtensibilityGlobals) = postSolution
		SolutionGuid = {2768D5CF-D92E-4C10-ABF5-AF47A105C3BF}
	EndGlobalSection
EndGlobal
