
Microsoft Visual Studio Solution File, Format Version 12.00
# Visual Studio Version 17
VisualStudioVersion = 17.12.35527.113 d17.12
MinimumVisualStudioVersion = 10.0.40219.1
Project("{FAE04EC0-301F-11D3-BF4B-00C04F79EFBC}") = "test_nguyenThiHaGiang", "test_nguyenThiHaGiang.csproj", "{C40316BE-A533-48B2-A93C-2E3BFEF878EC}"
EndProject
Global
	GlobalSection(SolutionConfigurationPlatforms) = preSolution
		Debug|Any CPU = Debug|Any CPU
		Release|Any CPU = Release|Any CPU
	EndGlobalSection
	GlobalSection(ProjectConfigurationPlatforms) = postSolution
		{C40316BE-A533-48B2-A93C-2E3BFEF878EC}.Debug|Any CPU.ActiveCfg = Debug|Any CPU
		{C40316BE-A533-48B2-A93C-2E3BFEF878EC}.Debug|Any CPU.Build.0 = Debug|Any CPU
		{C40316BE-A533-48B2-A93C-2E3BFEF878EC}.Release|Any CPU.ActiveCfg = Release|Any CPU
		{C40316BE-A533-48B2-A93C-2E3BFEF878EC}.Release|Any CPU.Build.0 = Release|Any CPU
	EndGlobalSection
	GlobalSection(SolutionProperties) = preSolution
		HideSolutionNode = FALSE
	EndGlobalSection
EndGlobal
